// !$*UTF8*$!
{
	archiveVersion = 1;
	classes = {
	};
	objectVersion = 55;
	objects = {

/* Begin PBXBuildFile section */
		CEA2094D2A545AA900E10DFF /* AppDelegate.swift in Sources */ = {isa = PBXBuildFile; fileRef = CEA2094C2A545AA900E10DFF /* AppDelegate.swift */; };
		CEA2094F2A545AA900E10DFF /* SceneDelegate.swift in Sources */ = {isa = PBXBuildFile; fileRef = CEA2094E2A545AA900E10DFF /* SceneDelegate.swift */; };
		CEA209512A545AA900E10DFF /* RMTabViewController.swift in Sources */ = {isa = PBXBuildFile; fileRef = CEA209502A545AA900E10DFF /* RMTabViewController.swift */; };
		CEA209562A545AAE00E10DFF /* Assets.xcassets in Resources */ = {isa = PBXBuildFile; fileRef = CEA209552A545AAE00E10DFF /* Assets.xcassets */; };
		CEA209592A545AAE00E10DFF /* LaunchScreen.storyboard in Resources */ = {isa = PBXBuildFile; fileRef = CEA209572A545AAE00E10DFF /* LaunchScreen.storyboard */; };
		CEA209692A54612E00E10DFF /* RMLocation.swift in Sources */ = {isa = PBXBuildFile; fileRef = CEA209682A54612E00E10DFF /* RMLocation.swift */; };
		CEA2096B2A54613F00E10DFF /* RMCharacter.swift in Sources */ = {isa = PBXBuildFile; fileRef = CEA2096A2A54613F00E10DFF /* RMCharacter.swift */; };
		CEA2096F2A54615D00E10DFF /* RMEpisode.swift in Sources */ = {isa = PBXBuildFile; fileRef = CEA2096E2A54615D00E10DFF /* RMEpisode.swift */; };
		CEA209712A5461FA00E10DFF /* RMCharacterViewController.swift in Sources */ = {isa = PBXBuildFile; fileRef = CEA209702A5461FA00E10DFF /* RMCharacterViewController.swift */; };
		CEA209732A54620900E10DFF /* RMEpisodeViewController.swift in Sources */ = {isa = PBXBuildFile; fileRef = CEA209722A54620900E10DFF /* RMEpisodeViewController.swift */; };
		CEA209752A54621F00E10DFF /* RMLocationViewController.swift in Sources */ = {isa = PBXBuildFile; fileRef = CEA209742A54621F00E10DFF /* RMLocationViewController.swift */; };
		CEA209772A54625D00E10DFF /* RMSettingViewController.swift in Sources */ = {isa = PBXBuildFile; fileRef = CEA209762A54625D00E10DFF /* RMSettingViewController.swift */; };
		CEA209792A5490F300E10DFF /* RMService.swift in Sources */ = {isa = PBXBuildFile; fileRef = CEA209782A5490F300E10DFF /* RMService.swift */; };
		CEA2097B2A5491F200E10DFF /* RMRequest.swift in Sources */ = {isa = PBXBuildFile; fileRef = CEA2097A2A5491F200E10DFF /* RMRequest.swift */; };
		CEA2097D2A5499E100E10DFF /* RMEndpoint.swift in Sources */ = {isa = PBXBuildFile; fileRef = CEA2097C2A5499E100E10DFF /* RMEndpoint.swift */; };
		CEA2097F2A558C9800E10DFF /* RMOrigin.swift in Sources */ = {isa = PBXBuildFile; fileRef = CEA2097E2A558C9800E10DFF /* RMOrigin.swift */; };
		CEA209812A558D3100E10DFF /* RMSingleLocation.swift in Sources */ = {isa = PBXBuildFile; fileRef = CEA209802A558D3100E10DFF /* RMSingleLocation.swift */; };
		CEA209832A558DFF00E10DFF /* RMCharacterStatus.swift in Sources */ = {isa = PBXBuildFile; fileRef = CEA209822A558DFF00E10DFF /* RMCharacterStatus.swift */; };
		CEA209852A558E0D00E10DFF /* RMCharacterGender.swift in Sources */ = {isa = PBXBuildFile; fileRef = CEA209842A558E0D00E10DFF /* RMCharacterGender.swift */; };
		CEA209872A55AECF00E10DFF /* RMServiceError.swift in Sources */ = {isa = PBXBuildFile; fileRef = CEA209862A55AECF00E10DFF /* RMServiceError.swift */; };
		CEA209892A55BAD800E10DFF /* RMGetAllCharacterResponse.swift in Sources */ = {isa = PBXBuildFile; fileRef = CEA209882A55BAD800E10DFF /* RMGetAllCharacterResponse.swift */; };
		CEA2098B2A55DBE700E10DFF /* RMCharacterListViewViewModel.swift in Sources */ = {isa = PBXBuildFile; fileRef = CEA2098A2A55DBE700E10DFF /* RMCharacterListViewViewModel.swift */; };
		CEA2098D2A55DD3600E10DFF /* RMCharacterListView.swift in Sources */ = {isa = PBXBuildFile; fileRef = CEA2098C2A55DD3600E10DFF /* RMCharacterListView.swift */; };
		CEA2098F2A55E25100E10DFF /* Extenions.swift in Sources */ = {isa = PBXBuildFile; fileRef = CEA2098E2A55E25100E10DFF /* Extenions.swift */; };
/* End PBXBuildFile section */

/* Begin PBXFileReference section */
		CEA209492A545AA900E10DFF /* RickAndMortyApp.app */ = {isa = PBXFileReference; explicitFileType = wrapper.application; includeInIndex = 0; path = RickAndMortyApp.app; sourceTree = BUILT_PRODUCTS_DIR; };
		CEA2094C2A545AA900E10DFF /* AppDelegate.swift */ = {isa = PBXFileReference; lastKnownFileType = sourcecode.swift; path = AppDelegate.swift; sourceTree = "<group>"; };
		CEA2094E2A545AA900E10DFF /* SceneDelegate.swift */ = {isa = PBXFileReference; lastKnownFileType = sourcecode.swift; path = SceneDelegate.swift; sourceTree = "<group>"; };
		CEA209502A545AA900E10DFF /* RMTabViewController.swift */ = {isa = PBXFileReference; lastKnownFileType = sourcecode.swift; path = RMTabViewController.swift; sourceTree = "<group>"; };
		CEA209552A545AAE00E10DFF /* Assets.xcassets */ = {isa = PBXFileReference; lastKnownFileType = folder.assetcatalog; path = Assets.xcassets; sourceTree = "<group>"; };
		CEA209582A545AAE00E10DFF /* Base */ = {isa = PBXFileReference; lastKnownFileType = file.storyboard; name = Base; path = Base.lproj/LaunchScreen.storyboard; sourceTree = "<group>"; };
		CEA2095A2A545AAF00E10DFF /* Info.plist */ = {isa = PBXFileReference; lastKnownFileType = text.plist.xml; path = Info.plist; sourceTree = "<group>"; };
		CEA209682A54612E00E10DFF /* RMLocation.swift */ = {isa = PBXFileReference; lastKnownFileType = sourcecode.swift; path = RMLocation.swift; sourceTree = "<group>"; };
		CEA2096A2A54613F00E10DFF /* RMCharacter.swift */ = {isa = PBXFileReference; lastKnownFileType = sourcecode.swift; path = RMCharacter.swift; sourceTree = "<group>"; };
		CEA2096E2A54615D00E10DFF /* RMEpisode.swift */ = {isa = PBXFileReference; lastKnownFileType = sourcecode.swift; path = RMEpisode.swift; sourceTree = "<group>"; };
		CEA209702A5461FA00E10DFF /* RMCharacterViewController.swift */ = {isa = PBXFileReference; lastKnownFileType = sourcecode.swift; path = RMCharacterViewController.swift; sourceTree = "<group>"; };
		CEA209722A54620900E10DFF /* RMEpisodeViewController.swift */ = {isa = PBXFileReference; lastKnownFileType = sourcecode.swift; path = RMEpisodeViewController.swift; sourceTree = "<group>"; };
		CEA209742A54621F00E10DFF /* RMLocationViewController.swift */ = {isa = PBXFileReference; lastKnownFileType = sourcecode.swift; path = RMLocationViewController.swift; sourceTree = "<group>"; };
		CEA209762A54625D00E10DFF /* RMSettingViewController.swift */ = {isa = PBXFileReference; lastKnownFileType = sourcecode.swift; path = RMSettingViewController.swift; sourceTree = "<group>"; };
		CEA209782A5490F300E10DFF /* RMService.swift */ = {isa = PBXFileReference; lastKnownFileType = sourcecode.swift; path = RMService.swift; sourceTree = "<group>"; };
		CEA2097A2A5491F200E10DFF /* RMRequest.swift */ = {isa = PBXFileReference; lastKnownFileType = sourcecode.swift; path = RMRequest.swift; sourceTree = "<group>"; };
		CEA2097C2A5499E100E10DFF /* RMEndpoint.swift */ = {isa = PBXFileReference; lastKnownFileType = sourcecode.swift; path = RMEndpoint.swift; sourceTree = "<group>"; };
		CEA2097E2A558C9800E10DFF /* RMOrigin.swift */ = {isa = PBXFileReference; lastKnownFileType = sourcecode.swift; path = RMOrigin.swift; sourceTree = "<group>"; };
		CEA209802A558D3100E10DFF /* RMSingleLocation.swift */ = {isa = PBXFileReference; lastKnownFileType = sourcecode.swift; path = RMSingleLocation.swift; sourceTree = "<group>"; };
		CEA209822A558DFF00E10DFF /* RMCharacterStatus.swift */ = {isa = PBXFileReference; lastKnownFileType = sourcecode.swift; path = RMCharacterStatus.swift; sourceTree = "<group>"; };
		CEA209842A558E0D00E10DFF /* RMCharacterGender.swift */ = {isa = PBXFileReference; lastKnownFileType = sourcecode.swift; path = RMCharacterGender.swift; sourceTree = "<group>"; };
		CEA209862A55AECF00E10DFF /* RMServiceError.swift */ = {isa = PBXFileReference; lastKnownFileType = sourcecode.swift; path = RMServiceError.swift; sourceTree = "<group>"; };
		CEA209882A55BAD800E10DFF /* RMGetAllCharacterResponse.swift */ = {isa = PBXFileReference; lastKnownFileType = sourcecode.swift; path = RMGetAllCharacterResponse.swift; sourceTree = "<group>"; };
		CEA2098A2A55DBE700E10DFF /* RMCharacterListViewViewModel.swift */ = {isa = PBXFileReference; lastKnownFileType = sourcecode.swift; path = RMCharacterListViewViewModel.swift; sourceTree = "<group>"; };
		CEA2098C2A55DD3600E10DFF /* RMCharacterListView.swift */ = {isa = PBXFileReference; lastKnownFileType = sourcecode.swift; path = RMCharacterListView.swift; sourceTree = "<group>"; };
		CEA2098E2A55E25100E10DFF /* Extenions.swift */ = {isa = PBXFileReference; lastKnownFileType = sourcecode.swift; path = Extenions.swift; sourceTree = "<group>"; };
/* End PBXFileReference section */

/* Begin PBXFrameworksBuildPhase section */
		CEA209462A545AA900E10DFF /* Frameworks */ = {
			isa = PBXFrameworksBuildPhase;
			buildActionMask = 2147483647;
			files = (
			);
			runOnlyForDeploymentPostprocessing = 0;
		};
/* End PBXFrameworksBuildPhase section */

/* Begin PBXGroup section */
		CEA209402A545AA900E10DFF = {
			isa = PBXGroup;
			children = (
				CEA2094B2A545AA900E10DFF /* RickAndMortyApp */,
				CEA2094A2A545AA900E10DFF /* Products */,
			);
			sourceTree = "<group>";
		};
		CEA2094A2A545AA900E10DFF /* Products */ = {
			isa = PBXGroup;
			children = (
				CEA209492A545AA900E10DFF /* RickAndMortyApp.app */,
			);
			name = Products;
			sourceTree = "<group>";
		};
		CEA2094B2A545AA900E10DFF /* RickAndMortyApp */ = {
			isa = PBXGroup;
			children = (
				CEA209652A54606B00E10DFF /* Resorses */,
				CEA209662A54607500E10DFF /* Managers */,
				CEA209642A54604300E10DFF /* APIClient */,
				CEA209632A54603B00E10DFF /* Controllers */,
				CEA209622A54603300E10DFF /* Models */,
				CEA209612A54602800E10DFF /* ViewModels */,
				CEA209602A54600D00E10DFF /* Views */,
				CEA2095A2A545AAF00E10DFF /* Info.plist */,
			);
			path = RickAndMortyApp;
			sourceTree = "<group>";
		};
		CEA209602A54600D00E10DFF /* Views */ = {
			isa = PBXGroup;
			children = (
				CEA2098C2A55DD3600E10DFF /* RMCharacterListView.swift */,
			);
			path = Views;
			sourceTree = "<group>";
		};
		CEA209612A54602800E10DFF /* ViewModels */ = {
			isa = PBXGroup;
			children = (
				CEA2098A2A55DBE700E10DFF /* RMCharacterListViewViewModel.swift */,
			);
			path = ViewModels;
			sourceTree = "<group>";
		};
		CEA209622A54603300E10DFF /* Models */ = {
			isa = PBXGroup;
			children = (
				CEE125DF2A5EECA9008D2B45 /* APIResponseTypes */,
				CEE125DE2A5EEC93008D2B45 /* DataTypes */,
			);
			path = Models;
			sourceTree = "<group>";
		};
		CEA209632A54603B00E10DFF /* Controllers */ = {
			isa = PBXGroup;
			children = (
				CEA209502A545AA900E10DFF /* RMTabViewController.swift */,
				CEA209702A5461FA00E10DFF /* RMCharacterViewController.swift */,
				CEA209722A54620900E10DFF /* RMEpisodeViewController.swift */,
				CEA209742A54621F00E10DFF /* RMLocationViewController.swift */,
				CEA209762A54625D00E10DFF /* RMSettingViewController.swift */,
			);
			path = Controllers;
			sourceTree = "<group>";
		};
		CEA209642A54604300E10DFF /* APIClient */ = {
			isa = PBXGroup;
			children = (
				CEA209782A5490F300E10DFF /* RMService.swift */,
				CEA2097A2A5491F200E10DFF /* RMRequest.swift */,
				CEA2097C2A5499E100E10DFF /* RMEndpoint.swift */,
			);
			path = APIClient;
			sourceTree = "<group>";
		};
		CEA209652A54606B00E10DFF /* Resorses */ = {
			isa = PBXGroup;
			children = (
				CEA209552A545AAE00E10DFF /* Assets.xcassets */,
				CEA209572A545AAE00E10DFF /* LaunchScreen.storyboard */,
				CEA2094C2A545AA900E10DFF /* AppDelegate.swift */,
				CEA2094E2A545AA900E10DFF /* SceneDelegate.swift */,
				CEA2098E2A55E25100E10DFF /* Extenions.swift */,
			);
			path = Resorses;
			sourceTree = "<group>";
		};
		CEA209662A54607500E10DFF /* Managers */ = {
			isa = PBXGroup;
			children = (
			);
			path = Managers;
			sourceTree = "<group>";
		};
		CEE125DE2A5EEC93008D2B45 /* DataTypes */ = {
			isa = PBXGroup;
			children = (
				CEA209682A54612E00E10DFF /* RMLocation.swift */,
				CEA2096A2A54613F00E10DFF /* RMCharacter.swift */,
				CEA2096E2A54615D00E10DFF /* RMEpisode.swift */,
				CEA2097E2A558C9800E10DFF /* RMOrigin.swift */,
				CEA209802A558D3100E10DFF /* RMSingleLocation.swift */,
				CEA209822A558DFF00E10DFF /* RMCharacterStatus.swift */,
				CEA209842A558E0D00E10DFF /* RMCharacterGender.swift */,
			);
			path = DataTypes;
			sourceTree = "<group>";
		};
		CEE125DF2A5EECA9008D2B45 /* APIResponseTypes */ = {
			isa = PBXGroup;
			children = (
				CEA209882A55BAD800E10DFF /* RMGetAllCharacterResponse.swift */,
				CEA209862A55AECF00E10DFF /* RMServiceError.swift */,
			);
			path = APIResponseTypes;
			sourceTree = "<group>";
		};
/* End PBXGroup section */

/* Begin PBXNativeTarget section */
		CEA209482A545AA900E10DFF /* RickAndMortyApp */ = {
			isa = PBXNativeTarget;
			buildConfigurationList = CEA2095D2A545AAF00E10DFF /* Build configuration list for PBXNativeTarget "RickAndMortyApp" */;
			buildPhases = (
				CEA209452A545AA900E10DFF /* Sources */,
				CEA209462A545AA900E10DFF /* Frameworks */,
				CEA209472A545AA900E10DFF /* Resources */,
			);
			buildRules = (
			);
			dependencies = (
			);
			name = RickAndMortyApp;
			productName = RickAndMortyApp;
			productReference = CEA209492A545AA900E10DFF /* RickAndMortyApp.app */;
			productType = "com.apple.product-type.application";
		};
/* End PBXNativeTarget section */

/* Begin PBXProject section */
		CEA209412A545AA900E10DFF /* Project object */ = {
			isa = PBXProject;
			attributes = {
				BuildIndependentTargetsInParallel = 1;
				LastSwiftUpdateCheck = 1320;
				LastUpgradeCheck = 1320;
				TargetAttributes = {
					CEA209482A545AA900E10DFF = {
						CreatedOnToolsVersion = 13.2.1;
					};
				};
			};
			buildConfigurationList = CEA209442A545AA900E10DFF /* Build configuration list for PBXProject "RickAndMortyApp" */;
			compatibilityVersion = "Xcode 13.0";
			developmentRegion = en;
			hasScannedForEncodings = 0;
			knownRegions = (
				en,
				Base,
			);
			mainGroup = CEA209402A545AA900E10DFF;
			productRefGroup = CEA2094A2A545AA900E10DFF /* Products */;
			projectDirPath = "";
			projectRoot = "";
			targets = (
				CEA209482A545AA900E10DFF /* RickAndMortyApp */,
			);
		};
/* End PBXProject section */

/* Begin PBXResourcesBuildPhase section */
		CEA209472A545AA900E10DFF /* Resources */ = {
			isa = PBXResourcesBuildPhase;
			buildActionMask = 2147483647;
			files = (
				CEA209592A545AAE00E10DFF /* LaunchScreen.storyboard in Resources */,
				CEA209562A545AAE00E10DFF /* Assets.xcassets in Resources */,
			);
			runOnlyForDeploymentPostprocessing = 0;
		};
/* End PBXResourcesBuildPhase section */

/* Begin PBXSourcesBuildPhase section */
		CEA209452A545AA900E10DFF /* Sources */ = {
			isa = PBXSourcesBuildPhase;
			buildActionMask = 2147483647;
			files = (
				CEA2098B2A55DBE700E10DFF /* RMCharacterListViewViewModel.swift in Sources */,
				CEA2097F2A558C9800E10DFF /* RMOrigin.swift in Sources */,
				CEA209812A558D3100E10DFF /* RMSingleLocation.swift in Sources */,
				CEA209832A558DFF00E10DFF /* RMCharacterStatus.swift in Sources */,
				CEA209852A558E0D00E10DFF /* RMCharacterGender.swift in Sources */,
				CEA209752A54621F00E10DFF /* RMLocationViewController.swift in Sources */,
				CEA209512A545AA900E10DFF /* RMTabViewController.swift in Sources */,
				CEA2094D2A545AA900E10DFF /* AppDelegate.swift in Sources */,
				CEA209892A55BAD800E10DFF /* RMGetAllCharacterResponse.swift in Sources */,
				CEA2096F2A54615D00E10DFF /* RMEpisode.swift in Sources */,
				CEA209772A54625D00E10DFF /* RMSettingViewController.swift in Sources */,
				CEA209732A54620900E10DFF /* RMEpisodeViewController.swift in Sources */,
				CEA2098D2A55DD3600E10DFF /* RMCharacterListView.swift in Sources */,
				CEA2096B2A54613F00E10DFF /* RMCharacter.swift in Sources */,
				CEA209872A55AECF00E10DFF /* RMServiceError.swift in Sources */,
				CEA2098F2A55E25100E10DFF /* Extenions.swift in Sources */,
				CEA209792A5490F300E10DFF /* RMService.swift in Sources */,
				CEA2094F2A545AA900E10DFF /* SceneDelegate.swift in Sources */,
				CEA2097D2A5499E100E10DFF /* RMEndpoint.swift in Sources */,
				CEA209712A5461FA00E10DFF /* RMCharacterViewController.swift in Sources */,
				CEA2097B2A5491F200E10DFF /* RMRequest.swift in Sources */,
				CEA209692A54612E00E10DFF /* RMLocation.swift in Sources */,
			);
			runOnlyForDeploymentPostprocessing = 0;
		};
/* End PBXSourcesBuildPhase section */

/* Begin PBXVariantGroup section */
		CEA209572A545AAE00E10DFF /* LaunchScreen.storyboard */ = {
			isa = PBXVariantGroup;
			children = (
				CEA209582A545AAE00E10DFF /* Base */,
			);
			name = LaunchScreen.storyboard;
			sourceTree = "<group>";
		};
/* End PBXVariantGroup section */

/* Begin XCBuildConfiguration section */
		CEA2095B2A545AAF00E10DFF /* Debug */ = {
			isa = XCBuildConfiguration;
			buildSettings = {
				ALWAYS_SEARCH_USER_PATHS = NO;
				CLANG_ANALYZER_NONNULL = YES;
				CLANG_ANALYZER_NUMBER_OBJECT_CONVERSION = YES_AGGRESSIVE;
				CLANG_CXX_LANGUAGE_STANDARD = "gnu++17";
				CLANG_CXX_LIBRARY = "libc++";
				CLANG_ENABLE_MODULES = YES;
				CLANG_ENABLE_OBJC_ARC = YES;
				CLANG_ENABLE_OBJC_WEAK = YES;
				CLANG_WARN_BLOCK_CAPTURE_AUTORELEASING = YES;
				CLANG_WARN_BOOL_CONVERSION = YES;
				CLANG_WARN_COMMA = YES;
				CLANG_WARN_CONSTANT_CONVERSION = YES;
				CLANG_WARN_DEPRECATED_OBJC_IMPLEMENTATIONS = YES;
				CLANG_WARN_DIRECT_OBJC_ISA_USAGE = YES_ERROR;
				CLANG_WARN_DOCUMENTATION_COMMENTS = YES;
				CLANG_WARN_EMPTY_BODY = YES;
				CLANG_WARN_ENUM_CONVERSION = YES;
				CLANG_WARN_INFINITE_RECURSION = YES;
				CLANG_WARN_INT_CONVERSION = YES;
				CLANG_WARN_NON_LITERAL_NULL_CONVERSION = YES;
				CLANG_WARN_OBJC_IMPLICIT_RETAIN_SELF = YES;
				CLANG_WARN_OBJC_LITERAL_CONVERSION = YES;
				CLANG_WARN_OBJC_ROOT_CLASS = YES_ERROR;
				CLANG_WARN_QUOTED_INCLUDE_IN_FRAMEWORK_HEADER = YES;
				CLANG_WARN_RANGE_LOOP_ANALYSIS = YES;
				CLANG_WARN_STRICT_PROTOTYPES = YES;
				CLANG_WARN_SUSPICIOUS_MOVE = YES;
				CLANG_WARN_UNGUARDED_AVAILABILITY = YES_AGGRESSIVE;
				CLANG_WARN_UNREACHABLE_CODE = YES;
				CLANG_WARN__DUPLICATE_METHOD_MATCH = YES;
				COPY_PHASE_STRIP = NO;
				DEBUG_INFORMATION_FORMAT = dwarf;
				ENABLE_STRICT_OBJC_MSGSEND = YES;
				ENABLE_TESTABILITY = YES;
				GCC_C_LANGUAGE_STANDARD = gnu11;
				GCC_DYNAMIC_NO_PIC = NO;
				GCC_NO_COMMON_BLOCKS = YES;
				GCC_OPTIMIZATION_LEVEL = 0;
				GCC_PREPROCESSOR_DEFINITIONS = (
					"DEBUG=1",
					"$(inherited)",
				);
				GCC_WARN_64_TO_32_BIT_CONVERSION = YES;
				GCC_WARN_ABOUT_RETURN_TYPE = YES_ERROR;
				GCC_WARN_UNDECLARED_SELECTOR = YES;
				GCC_WARN_UNINITIALIZED_AUTOS = YES_AGGRESSIVE;
				GCC_WARN_UNUSED_FUNCTION = YES;
				GCC_WARN_UNUSED_VARIABLE = YES;
				IPHONEOS_DEPLOYMENT_TARGET = 15.2;
				MTL_ENABLE_DEBUG_INFO = INCLUDE_SOURCE;
				MTL_FAST_MATH = YES;
				ONLY_ACTIVE_ARCH = YES;
				SDKROOT = iphoneos;
				SWIFT_ACTIVE_COMPILATION_CONDITIONS = DEBUG;
				SWIFT_OPTIMIZATION_LEVEL = "-Onone";
			};
			name = Debug;
		};
		CEA2095C2A545AAF00E10DFF /* Release */ = {
			isa = XCBuildConfiguration;
			buildSettings = {
				ALWAYS_SEARCH_USER_PATHS = NO;
				CLANG_ANALYZER_NONNULL = YES;
				CLANG_ANALYZER_NUMBER_OBJECT_CONVERSION = YES_AGGRESSIVE;
				CLANG_CXX_LANGUAGE_STANDARD = "gnu++17";
				CLANG_CXX_LIBRARY = "libc++";
				CLANG_ENABLE_MODULES = YES;
				CLANG_ENABLE_OBJC_ARC = YES;
				CLANG_ENABLE_OBJC_WEAK = YES;
				CLANG_WARN_BLOCK_CAPTURE_AUTORELEASING = YES;
				CLANG_WARN_BOOL_CONVERSION = YES;
				CLANG_WARN_COMMA = YES;
				CLANG_WARN_CONSTANT_CONVERSION = YES;
				CLANG_WARN_DEPRECATED_OBJC_IMPLEMENTATIONS = YES;
				CLANG_WARN_DIRECT_OBJC_ISA_USAGE = YES_ERROR;
				CLANG_WARN_DOCUMENTATION_COMMENTS = YES;
				CLANG_WARN_EMPTY_BODY = YES;
				CLANG_WARN_ENUM_CONVERSION = YES;
				CLANG_WARN_INFINITE_RECURSION = YES;
				CLANG_WARN_INT_CONVERSION = YES;
				CLANG_WARN_NON_LITERAL_NULL_CONVERSION = YES;
				CLANG_WARN_OBJC_IMPLICIT_RETAIN_SELF = YES;
				CLANG_WARN_OBJC_LITERAL_CONVERSION = YES;
				CLANG_WARN_OBJC_ROOT_CLASS = YES_ERROR;
				CLANG_WARN_QUOTED_INCLUDE_IN_FRAMEWORK_HEADER = YES;
				CLANG_WARN_RANGE_LOOP_ANALYSIS = YES;
				CLANG_WARN_STRICT_PROTOTYPES = YES;
				CLANG_WARN_SUSPICIOUS_MOVE = YES;
				CLANG_WARN_UNGUARDED_AVAILABILITY = YES_AGGRESSIVE;
				CLANG_WARN_UNREACHABLE_CODE = YES;
				CLANG_WARN__DUPLICATE_METHOD_MATCH = YES;
				COPY_PHASE_STRIP = NO;
				DEBUG_INFORMATION_FORMAT = "dwarf-with-dsym";
				ENABLE_NS_ASSERTIONS = NO;
				ENABLE_STRICT_OBJC_MSGSEND = YES;
				GCC_C_LANGUAGE_STANDARD = gnu11;
				GCC_NO_COMMON_BLOCKS = YES;
				GCC_WARN_64_TO_32_BIT_CONVERSION = YES;
				GCC_WARN_ABOUT_RETURN_TYPE = YES_ERROR;
				GCC_WARN_UNDECLARED_SELECTOR = YES;
				GCC_WARN_UNINITIALIZED_AUTOS = YES_AGGRESSIVE;
				GCC_WARN_UNUSED_FUNCTION = YES;
				GCC_WARN_UNUSED_VARIABLE = YES;
				IPHONEOS_DEPLOYMENT_TARGET = 15.2;
				MTL_ENABLE_DEBUG_INFO = NO;
				MTL_FAST_MATH = YES;
				SDKROOT = iphoneos;
				SWIFT_COMPILATION_MODE = wholemodule;
				SWIFT_OPTIMIZATION_LEVEL = "-O";
				VALIDATE_PRODUCT = YES;
			};
			name = Release;
		};
		CEA2095E2A545AAF00E10DFF /* Debug */ = {
			isa = XCBuildConfiguration;
			buildSettings = {
				ASSETCATALOG_COMPILER_APPICON_NAME = AppIcon;
				ASSETCATALOG_COMPILER_GLOBAL_ACCENT_COLOR_NAME = AccentColor;
				CODE_SIGN_STYLE = Automatic;
				CURRENT_PROJECT_VERSION = 1;
				DEVELOPMENT_TEAM = DUQQTRL9PD;
				GENERATE_INFOPLIST_FILE = YES;
				INFOPLIST_FILE = RickAndMortyApp/Info.plist;
				INFOPLIST_KEY_UIApplicationSupportsIndirectInputEvents = YES;
				INFOPLIST_KEY_UILaunchStoryboardName = LaunchScreen;
				INFOPLIST_KEY_UISupportedInterfaceOrientations_iPad = "UIInterfaceOrientationPortrait UIInterfaceOrientationPortraitUpsideDown UIInterfaceOrientationLandscapeLeft UIInterfaceOrientationLandscapeRight";
				INFOPLIST_KEY_UISupportedInterfaceOrientations_iPhone = "UIInterfaceOrientationPortrait UIInterfaceOrientationLandscapeLeft UIInterfaceOrientationLandscapeRight";
				LD_RUNPATH_SEARCH_PATHS = (
					"$(inherited)",
					"@executable_path/Frameworks",
				);
				MARKETING_VERSION = 1.0;
				PRODUCT_BUNDLE_IDENTIFIER = com.RickAndMortyApp;
				PRODUCT_NAME = "$(TARGET_NAME)";
				SWIFT_EMIT_LOC_STRINGS = YES;
				SWIFT_VERSION = 5.0;
				TARGETED_DEVICE_FAMILY = "1,2";
			};
			name = Debug;
		};
		CEA2095F2A545AAF00E10DFF /* Release */ = {
			isa = XCBuildConfiguration;
			buildSettings = {
				ASSETCATALOG_COMPILER_APPICON_NAME = AppIcon;
				ASSETCATALOG_COMPILER_GLOBAL_ACCENT_COLOR_NAME = AccentColor;
				CODE_SIGN_STYLE = Automatic;
				CURRENT_PROJECT_VERSION = 1;
				DEVELOPMENT_TEAM = DUQQTRL9PD;
				GENERATE_INFOPLIST_FILE = YES;
				INFOPLIST_FILE = RickAndMortyApp/Info.plist;
				INFOPLIST_KEY_UIApplicationSupportsIndirectInputEvents = YES;
				INFOPLIST_KEY_UILaunchStoryboardName = LaunchScreen;
				INFOPLIST_KEY_UISupportedInterfaceOrientations_iPad = "UIInterfaceOrientationPortrait UIInterfaceOrientationPortraitUpsideDown UIInterfaceOrientationLandscapeLeft UIInterfaceOrientationLandscapeRight";
				INFOPLIST_KEY_UISupportedInterfaceOrientations_iPhone = "UIInterfaceOrientationPortrait UIInterfaceOrientationLandscapeLeft UIInterfaceOrientationLandscapeRight";
				LD_RUNPATH_SEARCH_PATHS = (
					"$(inherited)",
					"@executable_path/Frameworks",
				);
				MARKETING_VERSION = 1.0;
				PRODUCT_BUNDLE_IDENTIFIER = com.RickAndMortyApp;
				PRODUCT_NAME = "$(TARGET_NAME)";
				SWIFT_EMIT_LOC_STRINGS = YES;
				SWIFT_VERSION = 5.0;
				TARGETED_DEVICE_FAMILY = "1,2";
			};
			name = Release;
		};
/* End XCBuildConfiguration section */

/* Begin XCConfigurationList section */
		CEA209442A545AA900E10DFF /* Build configuration list for PBXProject "RickAndMortyApp" */ = {
			isa = XCConfigurationList;
			buildConfigurations = (
				CEA2095B2A545AAF00E10DFF /* Debug */,
				CEA2095C2A545AAF00E10DFF /* Release */,
			);
			defaultConfigurationIsVisible = 0;
			defaultConfigurationName = Release;
		};
		CEA2095D2A545AAF00E10DFF /* Build configuration list for PBXNativeTarget "RickAndMortyApp" */ = {
			isa = XCConfigurationList;
			buildConfigurations = (
				CEA2095E2A545AAF00E10DFF /* Debug */,
				CEA2095F2A545AAF00E10DFF /* Release */,
			);
			defaultConfigurationIsVisible = 0;
			defaultConfigurationName = Release;
		};
/* End XCConfigurationList section */
	};
	rootObject = CEA209412A545AA900E10DFF /* Project object */;
}
